
Microsoft Visual Studio Solution File, Format Version 12.00
# Visual Studio Version 16
VisualStudioVersion = 16.0.29728.190
MinimumVisualStudioVersion = 10.0.40219.1
Project("{FAE04EC0-301F-11D3-BF4B-00C04F79EFBC}") = "TimeToTextLib", "src\TimeToTextLib\TimeToTextLib.csproj", "{539FF51B-1674-4849-85F2-59C752497BFF}"
EndProject
Project("{FAE04EC0-301F-11D3-BF4B-00C04F79EFBC}") = "DebugApp", "src\DebugApp\DebugApp.csproj", "{0F2D1291-FA34-4292-8C93-B96E27B7FEC3}"
EndProject
Project("{FAE04EC0-301F-11D3-BF4B-00C04F79EFBC}") = "TextToTimeGridLib", "src\TextToTimeGridLib\TextToTimeGridLib.csproj", "{A97C3F37-5726-4241-B78B-62EE4CD556A9}"
EndProject
Project("{FAE04EC0-301F-11D3-BF4B-00C04F79EFBC}") = "ConsoleDebugApp", "src\ConsoleDebugApp\ConsoleDebugApp.csproj", "{F44C0888-C9CF-4B34-AAA9-866C496A1E0D}"
EndProject
Project("{2150E333-8FDC-42A3-9474-1A3956D46DE8}") = "Solution Items", "Solution Items", "{A982DC4A-22B3-4264-A0DD-3A4CA427C2C8}"
	ProjectSection(SolutionItems) = preProject
		README.md = README.md
	EndProjectSection
EndProject
Project("{2150E333-8FDC-42A3-9474-1A3956D46DE8}") = "src", "src", "{3BC83C9A-F6F0-4AA9-A378-8EAFCF1590AC}"
EndProject
Project("{2150E333-8FDC-42A3-9474-1A3956D46DE8}") = "tests", "tests", "{2F718C80-4964-4C5A-850A-D462543F0044}"
EndProject
Project("{FAE04EC0-301F-11D3-BF4B-00C04F79EFBC}") = "TimeToTextLib.Tests", "tests\TimeToTextLib.Tests\TimeToTextLib.Tests.csproj", "{53BA0A06-C18D-4E18-81AD-B2A1DBF77B8F}"
EndProject
Project("{FAE04EC0-301F-11D3-BF4B-00C04F79EFBC}") = "TextToTimeGridLib.Tests", "tests\TextToTimeGridLib.Tests\TextToTimeGridLib.Tests.csproj", "{ED9C8794-86C0-44F6-ABA7-E2CF37462FDA}"
EndProject
Project("{FAE04EC0-301F-11D3-BF4B-00C04F79EFBC}") = "TimeInWords.Tests", "tests\TimeInWords.Tests\TimeInWords.Tests.csproj", "{F9C8FE4C-90D9-4CAF-9891-FC59295121D9}"
EndProject
Project("{FAE04EC0-301F-11D3-BF4B-00C04F79EFBC}") = "TimeInWords", "src\TimeInWords\TimeInWords.csproj", "{B96CF0B0-6DFD-4C05-BA94-A37336068FAE}"
EndProject
Global
	GlobalSection(SolutionConfigurationPlatforms) = preSolution
		Debug|Any CPU = Debug|Any CPU
		Release|Any CPU = Release|Any CPU
	EndGlobalSection
	GlobalSection(ProjectConfigurationPlatforms) = postSolution
		{539FF51B-1674-4849-85F2-59C752497BFF}.Debug|Any CPU.ActiveCfg = Debug|Any CPU
		{539FF51B-1674-4849-85F2-59C752497BFF}.Debug|Any CPU.Build.0 = Debug|Any CPU
		{539FF51B-1674-4849-85F2-59C752497BFF}.Release|Any CPU.ActiveCfg = Release|Any CPU
		{539FF51B-1674-4849-85F2-59C752497BFF}.Release|Any CPU.Build.0 = Release|Any CPU
		{0F2D1291-FA34-4292-8C93-B96E27B7FEC3}.Debug|Any CPU.ActiveCfg = Debug|Any CPU
		{0F2D1291-FA34-4292-8C93-B96E27B7FEC3}.Debug|Any CPU.Build.0 = Debug|Any CPU
		{0F2D1291-FA34-4292-8C93-B96E27B7FEC3}.Release|Any CPU.ActiveCfg = Release|Any CPU
		{0F2D1291-FA34-4292-8C93-B96E27B7FEC3}.Release|Any CPU.Build.0 = Release|Any CPU
		{A97C3F37-5726-4241-B78B-62EE4CD556A9}.Debug|Any CPU.ActiveCfg = Debug|Any CPU
		{A97C3F37-5726-4241-B78B-62EE4CD556A9}.Debug|Any CPU.Build.0 = Debug|Any CPU
		{A97C3F37-5726-4241-B78B-62EE4CD556A9}.Release|Any CPU.ActiveCfg = Release|Any CPU
		{A97C3F37-5726-4241-B78B-62EE4CD556A9}.Release|Any CPU.Build.0 = Release|Any CPU
		{F44C0888-C9CF-4B34-AAA9-866C496A1E0D}.Debug|Any CPU.ActiveCfg = Debug|Any CPU
		{F44C0888-C9CF-4B34-AAA9-866C496A1E0D}.Debug|Any CPU.Build.0 = Debug|Any CPU
		{F44C0888-C9CF-4B34-AAA9-866C496A1E0D}.Release|Any CPU.ActiveCfg = Release|Any CPU
		{F44C0888-C9CF-4B34-AAA9-866C496A1E0D}.Release|Any CPU.Build.0 = Release|Any CPU
		{53BA0A06-C18D-4E18-81AD-B2A1DBF77B8F}.Debug|Any CPU.ActiveCfg = Debug|Any CPU
		{53BA0A06-C18D-4E18-81AD-B2A1DBF77B8F}.Debug|Any CPU.Build.0 = Debug|Any CPU
		{53BA0A06-C18D-4E18-81AD-B2A1DBF77B8F}.Release|Any CPU.ActiveCfg = Release|Any CPU
		{53BA0A06-C18D-4E18-81AD-B2A1DBF77B8F}.Release|Any CPU.Build.0 = Release|Any CPU
		{ED9C8794-86C0-44F6-ABA7-E2CF37462FDA}.Debug|Any CPU.ActiveCfg = Debug|Any CPU
		{ED9C8794-86C0-44F6-ABA7-E2CF37462FDA}.Debug|Any CPU.Build.0 = Debug|Any CPU
		{ED9C8794-86C0-44F6-ABA7-E2CF37462FDA}.Release|Any CPU.ActiveCfg = Release|Any CPU
		{ED9C8794-86C0-44F6-ABA7-E2CF37462FDA}.Release|Any CPU.Build.0 = Release|Any CPU
		{F9C8FE4C-90D9-4CAF-9891-FC59295121D9}.Debug|Any CPU.ActiveCfg = Debug|Any CPU
		{F9C8FE4C-90D9-4CAF-9891-FC59295121D9}.Debug|Any CPU.Build.0 = Debug|Any CPU
		{F9C8FE4C-90D9-4CAF-9891-FC59295121D9}.Release|Any CPU.ActiveCfg = Release|Any CPU
		{F9C8FE4C-90D9-4CAF-9891-FC59295121D9}.Release|Any CPU.Build.0 = Release|Any CPU
		{B96CF0B0-6DFD-4C05-BA94-A37336068FAE}.Debug|Any CPU.ActiveCfg = Debug|Any CPU
		{B96CF0B0-6DFD-4C05-BA94-A37336068FAE}.Debug|Any CPU.Build.0 = Debug|Any CPU
		{B96CF0B0-6DFD-4C05-BA94-A37336068FAE}.Release|Any CPU.ActiveCfg = Release|Any CPU
		{B96CF0B0-6DFD-4C05-BA94-A37336068FAE}.Release|Any CPU.Build.0 = Release|Any CPU
	EndGlobalSection
	GlobalSection(SolutionProperties) = preSolution
		HideSolutionNode = FALSE
	EndGlobalSection
	GlobalSection(ExtensibilityGlobals) = postSolution
		SolutionGuid = {2C35169F-6043-4AA1-A17B-CE7FEC1BC548}
	EndGlobalSection
	GlobalSection(NestedProjects) = preSolution
		{A97C3F37-5726-4241-B78B-62EE4CD556A9} = {3BC83C9A-F6F0-4AA9-A378-8EAFCF1590AC}
		{539FF51B-1674-4849-85F2-59C752497BFF} = {3BC83C9A-F6F0-4AA9-A378-8EAFCF1590AC}
		{53BA0A06-C18D-4E18-81AD-B2A1DBF77B8F} = {2F718C80-4964-4C5A-850A-D462543F0044}
		{F44C0888-C9CF-4B34-AAA9-866C496A1E0D} = {3BC83C9A-F6F0-4AA9-A378-8EAFCF1590AC}
		{0F2D1291-FA34-4292-8C93-B96E27B7FEC3} = {3BC83C9A-F6F0-4AA9-A378-8EAFCF1590AC}
		{ED9C8794-86C0-44F6-ABA7-E2CF37462FDA} = {2F718C80-4964-4C5A-850A-D462543F0044}
		{F9C8FE4C-90D9-4CAF-9891-FC59295121D9} = {2F718C80-4964-4C5A-850A-D462543F0044}
		{B96CF0B0-6DFD-4C05-BA94-A37336068FAE} = {3BC83C9A-F6F0-4AA9-A378-8EAFCF1590AC}
	EndGlobalSection
EndGlobal
